<?xml version="1.0" encoding="utf-8"?>
<Project ToolsVersion="4.0" xmlns="http://schemas.microsoft.com/developer/msbuild/2003">
  <ItemGroup>
    <Filter Include="Source Files">
      <UniqueIdentifier>{4FC737F1-C7A5-4376-A066-2A32D752A2FF}</UniqueIdentifier>
      <Extensions>cpp;c;cc;cxx;def;odl;idl;hpj;bat;asm;asmx</Extensions>
    </Filter>
    <Filter Include="Header Files">
      <UniqueIdentifier>{93995380-89BD-4b04-88EB-625FBE52EBFB}</UniqueIdentifier>
      <Extensions>h;hh;hpp;hxx;hm;inl;inc;xsd</Extensions>
    </Filter>
    <Filter Include="Resource Files">
      <UniqueIdentifier>{67DA6AB6-F800-4c08-8B7A-83BB121AAD01}</UniqueIdentifier>
      <Extensions>rc;ico;cur;bmp;dlg;rc2;rct;bin;rgs;gif;jpg;jpeg;jpe;resx;tiff;tif;png;wav;mfcribbon-ms</Extensions>
    </Filter>
    <Filter Include="Source Files\Blit3D basefiles">
      <UniqueIdentifier>{ff31e984-6dcc-45b0-beb5-4362ac00a0ea}</UniqueIdentifier>
    </Filter>
    <Filter Include="Source Files\Blit3D basefiles\GLFW">
      <UniqueIdentifier>{4ade3d3b-70c9-4e0b-bb09-bab58b1100d1}</UniqueIdentifier>
    </Filter>
    <Filter Include="Source Files\Blit3D basefiles\Blit3D">
      <UniqueIdentifier>{b7ba67a3-3aec-4d2a-b7c4-8c276cd518b9}</UniqueIdentifier>
    </Filter>
    <Filter Include="Source Files\Blit3D basefiles\GLEW">
      <UniqueIdentifier>{71c06ed4-5318-45c3-a478-e0bb26d36907}</UniqueIdentifier>
    </Filter>
    <Filter Include="Resource Files\Map">
      <UniqueIdentifier>{7068fde6-382d-47dc-8ab3-f6b896589a59}</UniqueIdentifier>
    </Filter>
    <Filter Include="Resource Files\Media">
      <UniqueIdentifier>{cead7793-1aa3-45c9-b93c-a8c485db6d24}</UniqueIdentifier>
    </Filter>
    <Filter Include="Resource Files\Media\Art">
      <UniqueIdentifier>{a589ac93-4886-4f10-8159-1ab13789d855}</UniqueIdentifier>
    </Filter>
    <Filter Include="Resource Files\Media\Sound">
      <UniqueIdentifier>{5c8f0158-549f-481e-b051-b2711e89a5cc}</UniqueIdentifier>
    </Filter>
    <Filter Include="Resource Files\Media\Art\challeng">
      <UniqueIdentifier>{ab2fa180-d82b-4453-ab8d-38f94cfd4e69}</UniqueIdentifier>
    </Filter>
    <Filter Include="Resource Files\Media\Video">
      <UniqueIdentifier>{6c7b706a-a8ed-4c4c-9d29-72ef06363f69}</UniqueIdentifier>
    </Filter>
    <Filter Include="Resource Files\Media\Sound\Challenge">
      <UniqueIdentifier>{bce77c51-948b-49ff-86c9-46a9058c14d6}</UniqueIdentifier>
    </Filter>
  </ItemGroup>
  <ItemGroup>
    <ClCompile Include="Blit3DBaseFiles\GLFW\context.c">
      <Filter>Source Files\Blit3D basefiles\GLFW</Filter>
    </ClCompile>
    <ClCompile Include="Blit3DBaseFiles\GLFW\egl_context.c">
      <Filter>Source Files\Blit3D basefiles\GLFW</Filter>
    </ClCompile>
    <ClCompile Include="Blit3DBaseFiles\GLFW\init.c">
      <Filter>Source Files\Blit3D basefiles\GLFW</Filter>
    </ClCompile>
    <ClCompile Include="Blit3DBaseFiles\GLFW\input.c">
      <Filter>Source Files\Blit3D basefiles\GLFW</Filter>
    </ClCompile>
    <ClCompile Include="Blit3DBaseFiles\GLFW\monitor.c">
      <Filter>Source Files\Blit3D basefiles\GLFW</Filter>
    </ClCompile>
    <ClCompile Include="Blit3DBaseFiles\GLFW\vulkan.c">
      <Filter>Source Files\Blit3D basefiles\GLFW</Filter>
    </ClCompile>
    <ClCompile Include="Blit3DBaseFiles\GLFW\wgl_context.c">
      <Filter>Source Files\Blit3D basefiles\GLFW</Filter>
    </ClCompile>
    <ClCompile Include="Blit3DBaseFiles\GLFW\win32_init.c">
      <Filter>Source Files\Blit3D basefiles\GLFW</Filter>
    </ClCompile>
    <ClCompile Include="Blit3DBaseFiles\GLFW\win32_joystick.c">
      <Filter>Source Files\Blit3D basefiles\GLFW</Filter>
    </ClCompile>
    <ClCompile Include="Blit3DBaseFiles\GLFW\win32_monitor.c">
      <Filter>Source Files\Blit3D basefiles\GLFW</Filter>
    </ClCompile>
    <ClCompile Include="Blit3DBaseFiles\GLFW\win32_time.c">
      <Filter>Source Files\Blit3D basefiles\GLFW</Filter>
    </ClCompile>
    <ClCompile Include="Blit3DBaseFiles\GLFW\win32_tls.c">
      <Filter>Source Files\Blit3D basefiles\GLFW</Filter>
    </ClCompile>
    <ClCompile Include="Blit3DBaseFiles\GLFW\win32_window.c">
      <Filter>Source Files\Blit3D basefiles\GLFW</Filter>
    </ClCompile>
    <ClCompile Include="Blit3DBaseFiles\GLFW\window.c">
      <Filter>Source Files\Blit3D basefiles\GLFW</Filter>
    </ClCompile>
    <ClCompile Include="Blit3DBaseFiles\Blit3D\AngelcodeFont.cpp">
      <Filter>Source Files\Blit3D basefiles\Blit3D</Filter>
    </ClCompile>
    <ClCompile Include="Blit3DBaseFiles\Blit3D\BFont.cpp">
      <Filter>Source Files\Blit3D basefiles\Blit3D</Filter>
    </ClCompile>
    <ClCompile Include="Blit3DBaseFiles\Blit3D\Blit3D.cpp">
      <Filter>Source Files\Blit3D basefiles\Blit3D</Filter>
    </ClCompile>
    <ClCompile Include="Blit3DBaseFiles\Blit3D\ByteSwap.cpp">
      <Filter>Source Files\Blit3D basefiles\Blit3D</Filter>
    </ClCompile>
    <ClCompile Include="Blit3DBaseFiles\Blit3D\glslprogram.cpp">
      <Filter>Source Files\Blit3D basefiles\Blit3D</Filter>
    </ClCompile>
    <ClCompile Include="Blit3DBaseFiles\Blit3D\glutils.cpp">
      <Filter>Source Files\Blit3D basefiles\Blit3D</Filter>
    </ClCompile>
    <ClCompile Include="Blit3DBaseFiles\Blit3D\Logger.cpp">
      <Filter>Source Files\Blit3D basefiles\Blit3D</Filter>
    </ClCompile>
    <ClCompile Include="Blit3DBaseFiles\Blit3D\RenderBuffer.cpp">
      <Filter>Source Files\Blit3D basefiles\Blit3D</Filter>
    </ClCompile>
    <ClCompile Include="Blit3DBaseFiles\Blit3D\ShaderManager.cpp">
      <Filter>Source Files\Blit3D basefiles\Blit3D</Filter>
    </ClCompile>
    <ClCompile Include="Blit3DBaseFiles\Blit3D\Sprite.cpp">
      <Filter>Source Files\Blit3D basefiles\Blit3D</Filter>
    </ClCompile>
    <ClCompile Include="Blit3DBaseFiles\Blit3D\TextureManager.cpp">
      <Filter>Source Files\Blit3D basefiles\Blit3D</Filter>
    </ClCompile>
    <ClCompile Include="Blit3DBaseFiles\GLEW\glew.c">
      <Filter>Source Files\Blit3D basefiles\GLEW</Filter>
    </ClCompile>
    <ClCompile Include="main.cpp">
      <Filter>Source Files</Filter>
    </ClCompile>
    <ClCompile Include="Flame.cpp">
      <Filter>Source Files</Filter>
    </ClCompile>
    <ClCompile Include="Floor.cpp">
      <Filter>Source Files</Filter>
    </ClCompile>
    <ClCompile Include="map.cpp">
      <Filter>Source Files</Filter>
    </ClCompile>
    <ClCompile Include="Vent.cpp">
      <Filter>Source Files</Filter>
    </ClCompile>
    <ClCompile Include="Player.cpp">
      <Filter>Source Files</Filter>
    </ClCompile>
  </ItemGroup>
  <ItemGroup>
    <ClInclude Include="Blit3DBaseFiles\GLEW\GL\glew.h">
      <Filter>Source Files\Blit3D basefiles\GLEW</Filter>
    </ClInclude>
    <ClInclude Include="Blit3DBaseFiles\GLEW\GL\wglew.h">
      <Filter>Source Files\Blit3D basefiles\GLEW</Filter>
    </ClInclude>
    <ClInclude Include="map.h">
      <Filter>Header Files</Filter>
    </ClInclude>
    <ClInclude Include="Floor.h">
      <Filter>Header Files</Filter>
    </ClInclude>
    <ClInclude Include="Flame.h">
      <Filter>Header Files</Filter>
    </ClInclude>
    <ClInclude Include="Vent.h">
      <Filter>Header Files</Filter>
    </ClInclude>
    <ClInclude Include="Player.h">
      <Filter>Header Files</Filter>
    </ClInclude>
  </ItemGroup>
  <ItemGroup>
    <Text Include="level1.txt">
      <Filter>Resource Files\Map</Filter>
    </Text>
  </ItemGroup>
  <ItemGroup>
    <Image Include="Media\allSprites_default.png">
      <Filter>Resource Files\Media\Art\challeng</Filter>
    </Image>
    <Image Include="Media\bark.jpeg">
      <Filter>Resource Files\Media\Art\challeng</Filter>
    </Image>
    <Image Include="Media\doors.png">
      <Filter>Resource Files\Media\Art\challeng</Filter>
    </Image>
    <Image Include="Media\SleekBars.png">
      <Filter>Resource Files\Media\Art\challeng</Filter>
    </Image>
    <Image Include="Media\vegetation_leaf_dry_01.png">
      <Filter>Resource Files\Media\Art\challeng</Filter>
    </Image>
    <Image Include="Media\vegetation_sunflower_03.png">
      <Filter>Resource Files\Media\Art\challeng</Filter>
    </Image>
  </ItemGroup>
  <ItemGroup>
    <Media Include="Media\Video_6.MOV">
      <Filter>Resource Files\Media\Video</Filter>
    </Media>
    <Media Include="Media\COINS Collect Chime 01.wav">
      <Filter>Resource Files\Media\Sound\Challenge</Filter>
    </Media>
    <Media Include="Media\COINS Collect Chime 04.wav">
      <Filter>Resource Files\Media\Sound\Challenge</Filter>
    </Media>
    <Media Include="Media\COINS Collect Impact Punch 02.wav">
      <Filter>Resource Files\Media\Sound\Challenge</Filter>
    </Media>
    <Media Include="Media\COINS Collect Impact Punch 04.wav">
      <Filter>Resource Files\Media\Sound\Challenge</Filter>
    </Media>
    <Media Include="Media\COINS Collect Jackpot Win 01.wav">
      <Filter>Resource Files\Media\Sound\Challenge</Filter>
    </Media>
    <Media Include="Media\COINS Collect Jackpot Win 02.wav">
      <Filter>Resource Files\Media\Sound\Challenge</Filter>
    </Media>
    <Media Include="Media\COINS Collect Jackpot Win 03.wav">
      <Filter>Resource Files\Media\Sound\Challenge</Filter>
    </Media>
    <Media Include="Media\COINS Collect Jackpot Win Big 01.wav">
      <Filter>Resource Files\Media\Sound\Challenge</Filter>
    </Media>
    <Media Include="Media\COINS Collect Treasure Drop 03.wav">
      <Filter>Resource Files\Media\Sound\Challenge</Filter>
    </Media>
    <Media Include="Media\COINS Collect Treasure Drop 06.wav">
      <Filter>Resource Files\Media\Sound\Challenge</Filter>
    </Media>
    <Media Include="Media\COINS Collect Treasure Drop Big 03.wav">
      <Filter>Resource Files\Media\Sound\Challenge</Filter>
    </Media>
    <Media Include="Media\COINS Collect Treasure Rattle 02.wav">
      <Filter>Resource Files\Media\Sound\Challenge</Filter>
    </Media>
    <Media Include="Media\TECH INTERFACE Beep Ascend 01.wav">
      <Filter>Resource Files\Media\Sound\Challenge</Filter>
    </Media>
    <Media Include="Media\TECH INTERFACE Beep Ascend 03.wav">
      <Filter>Resource Files\Media\Sound\Challenge</Filter>
    </Media>
    <Media Include="Media\TECH INTERFACE Beep Ascend 04.wav">
      <Filter>Resource Files\Media\Sound\Challenge</Filter>
    </Media>
    <Media Include="Media\TECH INTERFACE Computer Beeps 03.wav">
      <Filter>Resource Files\Media\Sound\Challenge</Filter>
    </Media>
    <Media Include="Media\TECH INTERFACE Computer Beeps 04.wav">
      <Filter>Resource Files\Media\Sound\Challenge</Filter>
    </Media>
    <Media Include="Media\TECH INTERFACE Computer Beeps 05.wav">
      <Filter>Resource Files\Media\Sound\Challenge</Filter>
    </Media>
    <Media Include="Media\TECH INTERFACE Computer Beeps 08.wav">
      <Filter>Resource Files\Media\Sound\Challenge</Filter>
    </Media>
    <Media Include="Media\TECH INTERFACE Computer Beeps Multiple Long 01.wav">
      <Filter>Resource Files\Media\Sound\Challenge</Filter>
    </Media>
    <Media Include="Media\TECH INTERFACE Computer Beeps Multiple Short 01.wav">
      <Filter>Resource Files\Media\Sound\Challenge</Filter>
    </Media>
    <Media Include="Media\TECH INTERFACE Computer Beeps Multiple Short 03.wav">
      <Filter>Resource Files\Media\Sound\Challenge</Filter>
    </Media>
    <Media Include="Media\TECH INTERFACE Computer Beeps Multiple Short 05.wav">
      <Filter>Resource Files\Media\Sound\Challenge</Filter>
    </Media>
    <Media Include="Media\TECH INTERFACE Computer Beeps Short 01.wav">
      <Filter>Resource Files\Media\Sound\Challenge</Filter>
    </Media>
    <Media Include="Media\TECH INTERFACE Computer Beeps Short 02.wav">
      <Filter>Resource Files\Media\Sound\Challenge</Filter>
    </Media>
    <Media Include="Media\TECH INTERFACE Computer Beeps Short 05.wav">
      <Filter>Resource Files\Media\Sound\Challenge</Filter>
    </Media>
    <Media Include="Media\TECH INTERFACE Computer Terminal Print Beeps 03.wav">
      <Filter>Resource Files\Media\Sound\Challenge</Filter>
    </Media>
    <Media Include="Media\TECH INTERFACE Computer Terminal Print Beeps 06.wav">
      <Filter>Resource Files\Media\Sound\Challenge</Filter>
    </Media>
    <Media Include="Media\TECH INTERFACE Computer Terminal Print Beeps 07.wav">
      <Filter>Resource Files\Media\Sound\Challenge</Filter>
    </Media>
    <Media Include="Media\TECH INTERFACE Electric Zap Beeps 01.wav">
      <Filter>Resource Files\Media\Sound\Challenge</Filter>
    </Media>
    <Media Include="Media\TECH INTERFACE Electric Zap Beeps 02.wav">
      <Filter>Resource Files\Media\Sound\Challenge</Filter>
    </Media>
    <Media Include="Media\TECH INTERFACE Electric Zap Beeps 05.wav">
      <Filter>Resource Files\Media\Sound\Challenge</Filter>
    </Media>
    <Media Include="Media\TECH INTERFACE Wacky Machine Beeps 06.wav">
      <Filter>Resource Files\Media\Sound\Challenge</Filter>
    </Media>
    <Media Include="Media\TECH INTERFACE Wacky Machine Beeps 08.wav">
      <Filter>Resource Files\Media\Sound\Challenge</Filter>
    </Media>
    <Media Include="Media\TECH INTERFACE Wacky Machine Beeps 10.wav">
      <Filter>Resource Files\Media\Sound\Challenge</Filter>
    </Media>
    <Media Include="Media\TECH INTERFACE Wacky Machine Beeps 12.wav">
      <Filter>Resource Files\Media\Sound\Challenge</Filter>
    </Media>
    <Media Include="Media\TECH INTERFACE Wacky Machine Beeps 13.wav">
      <Filter>Resource Files\Media\Sound\Challenge</Filter>
    </Media>
    <Media Include="Media\TECH INTERFACE Wacky Machine Beeps 14.wav">
      <Filter>Resource Files\Media\Sound\Challenge</Filter>
    </Media>
    <Media Include="Media\TECH INTERFACE Wacky Machine Beeps Short 01.wav">
      <Filter>Resource Files\Media\Sound\Challenge</Filter>
    </Media>
    <Media Include="Media\TECH INTERFACE Wacky Machine Beeps Short 03.wav">
      <Filter>Resource Files\Media\Sound\Challenge</Filter>
    </Media>
    <Media Include="Media\TECH INTERFACE Wacky Machine Beeps Short 05.wav">
      <Filter>Resource Files\Media\Sound\Challenge</Filter>
    </Media>
    <Media Include="Media\TECH INTERFACE Wacky Machine Beeps Short 07.wav">
      <Filter>Resource Files\Media\Sound\Challenge</Filter>
    </Media>
    <Media Include="Media\TECH INTERFACE Wacky Machine Beeps Short 09.wav">
      <Filter>Resource Files\Media\Sound\Challenge</Filter>
    </Media>
    <Media Include="Media\TECH INTERFACE Wacky Machine Beeps Short 11.wav">
      <Filter>Resource Files\Media\Sound\Challenge</Filter>
    </Media>
    <Media Include="Media\TECH INTERFACE Wacky Machine Beeps Short 12.wav">
      <Filter>Resource Files\Media\Sound\Challenge</Filter>
    </Media>
    <Media Include="Media\AlarmSound.wav">
      <Filter>Resource Files\Media\Sound</Filter>
    </Media>
    <Media Include="Media\ButtonPress1.wav">
      <Filter>Resource Files\Media\Sound</Filter>
    </Media>
    <Media Include="Media\ButtonPress2.wav">
      <Filter>Resource Files\Media\Sound</Filter>
    </Media>
    <Media Include="Media\DoorOpening1.wav">
      <Filter>Resource Files\Media\Sound</Filter>
    </Media>
    <Media Include="Media\DoorOpening2.wav">
      <Filter>Resource Files\Media\Sound</Filter>
    </Media>
    <Media Include="Media\FireExtinguished1.wav">
      <Filter>Resource Files\Media\Sound</Filter>
    </Media>
    <Media Include="Media\FireExtinguished2.wav">
      <Filter>Resource Files\Media\Sound</Filter>
    </Media>
    <Media Include="Media\FireStarting1.wav">
      <Filter>Resource Files\Media\Sound</Filter>
    </Media>
    <Media Include="Media\FireStarting2.wav">
      <Filter>Resource Files\Media\Sound</Filter>
    </Media>
    <Media Include="Media\FireStarting3.wav">
      <Filter>Resource Files\Media\Sound</Filter>
    </Media>
    <Media Include="Media\PlayerCollision1.wav">
      <Filter>Resource Files\Media\Sound</Filter>
    </Media>
    <Media Include="Media\PlayerCollision2.wav">
      <Filter>Resource Files\Media\Sound</Filter>
    </Media>
    <Media Include="Media\PlayerDeath1.wav">
      <Filter>Resource Files\Media\Sound</Filter>
    </Media>
    <Media Include="Media\PlayerDeath2.wav">
      <Filter>Resource Files\Media\Sound</Filter>
    </Media>
    <Media Include="Media\PlayerDeath3.wav">
      <Filter>Resource Files\Media\Sound</Filter>
    </Media>
    <Media Include="Media\PlayerDeath4.wav">
      <Filter>Resource Files\Media\Sound</Filter>
    </Media>
  </ItemGroup>
</Project>